Microsoft Visual Studio Solution File, Format Version 12.00
# Visual Studio Version 17
VisualStudioVersion = 17.5.2.0
MinimumVisualStudioVersion = 10.0.40219.1
Project("{FAE04EC0-301F-11D3-BF4B-00C04F79EFBC}") = "TheCursedMod", "TheCursedMod.csproj", "{B606D5F6-E4EE-441F-FA4F-F6F651B7AA7F}"
EndProject
Global
	GlobalSection(SolutionConfigurationPlatforms) = preSolution
		Debug|Any CPU = Debug|Any CPU
		Release|Any CPU = Release|Any CPU
	EndGlobalSection
	GlobalSection(ProjectConfigurationPlatforms) = postSolution
		{B606D5F6-E4EE-441F-FA4F-F6F651B7AA7F}.Debug|Any CPU.ActiveCfg = Debug|Any CPU
		{B606D5F6-E4EE-441F-FA4F-F6F651B7AA7F}.Debug|Any CPU.Build.0 = Debug|Any CPU
		{B606D5F6-E4EE-441F-FA4F-F6F651B7AA7F}.Release|Any CPU.ActiveCfg = Release|Any CPU
		{B606D5F6-E4EE-441F-FA4F-F6F651B7AA7F}.Release|Any CPU.Build.0 = Release|Any CPU
	EndGlobalSection
	GlobalSection(SolutionProperties) = preSolution
		HideSolutionNode = FALSE
	EndGlobalSection
	GlobalSection(ExtensibilityGlobals) = postSolution
		SolutionGuid = {147B2DC4-DA15-48DC-BF00-0683AC351D54}
	EndGlobalSection
EndGlobal
